<?xml version="1.0" encoding="utf-8"?>
<Project ToolsVersion="4.0" xmlns="http://schemas.microsoft.com/developer/msbuild/2003">
  <ItemGroup>
    <Filter Include="Fichiers sources">
      <UniqueIdentifier>{4FC737F1-C7A5-4376-A066-2A32D752A2FF}</UniqueIdentifier>
      <Extensions>cpp;c;cc;cxx;c++;cppm;ixx;def;odl;idl;hpj;bat;asm;asmx</Extensions>
    </Filter>
    <Filter Include="Fichiers d%27en-tête">
      <UniqueIdentifier>{93995380-89BD-4b04-88EB-625FBE52EBFB}</UniqueIdentifier>
      <Extensions>h;hh;hpp;hxx;h++;hm;inl;inc;ipp;xsd</Extensions>
    </Filter>
    <Filter Include="Fichiers de ressources">
      <UniqueIdentifier>{67DA6AB6-F800-4c08-8B7A-83BB121AAD01}</UniqueIdentifier>
      <Extensions>rc;ico;cur;bmp;dlg;rc2;rct;bin;rgs;gif;jpg;jpeg;jpe;resx;tiff;tif;png;wav;mfcribbon-ms</Extensions>
    </Filter>
  </ItemGroup>
  <ItemGroup>
    <ClCompile Include="main.cpp">
      <Filter>Fichiers sources</Filter>
    </ClCompile>
    <ClCompile Include="mure.cpp">
      <Filter>Fichiers sources</Filter>
    </ClCompile>
    <ClCompile Include="mesFonctions.cpp">
      <Filter>Fichiers sources</Filter>
    </ClCompile>
  </ItemGroup>
  <ItemGroup>
    <None Include="packages.config" />
  </ItemGroup>
  <ItemGroup>
    <ClInclude Include="mure.h">
      <Filter>Fichiers d%27en-tête</Filter>
    </ClInclude>
    <ClInclude Include="mesFonctions.h">
      <Filter>Fichiers d%27en-tête</Filter>
    </ClInclude>
  </ItemGroup>
  <ItemGroup>
    <Image Include="image\128Bricks.png">
      <Filter>Fichiers de ressources</Filter>
    </Image>
    <Image Include="image\tileMap.png">
      <Filter>Fichiers de ressources</Filter>
    </Image>
    <Image Include="image\PenguinSheet.png">
      <Filter>Fichiers de ressources</Filter>
    </Image>
    <Image Include="image\RenauTileSheet.png">
      <Filter>Fichiers de ressources</Filter>
    </Image>
    <Image Include="image\RenauMenu.png">
      <Filter>Fichiers de ressources</Filter>
    </Image>
    <Image Include="image\Cats.png">
      <Filter>Fichiers de ressources</Filter>
    </Image>
    <Image Include="image\Charger.png">
      <Filter>Fichiers de ressources</Filter>
    </Image>
    <Image Include="image\Jouer.png">
      <Filter>Fichiers de ressources</Filter>
    </Image>
    <Image Include="image\ChargerHover.png">
      <Filter>Fichiers de ressources</Filter>
    </Image>
    <Image Include="image\Controles.png">
      <Filter>Fichiers de ressources</Filter>
    </Image>
    <Image Include="image\ControlesHover.png">
      <Filter>Fichiers de ressources</Filter>
    </Image>
    <Image Include="image\HighScores.png">
      <Filter>Fichiers de ressources</Filter>
    </Image>
    <Image Include="image\HighScoresHover.png">
      <Filter>Fichiers de ressources</Filter>
    </Image>
    <Image Include="image\FlecheDroite.png">
      <Filter>Fichiers de ressources</Filter>
    </Image>
    <Image Include="image\FlecheGauche.png">
      <Filter>Fichiers de ressources</Filter>
    </Image>
    <Image Include="image\JouerHover.png">
      <Filter>Fichiers de ressources</Filter>
    </Image>
    <Image Include="image\Retour.png">
      <Filter>Fichiers de ressources</Filter>
    </Image>
    <Image Include="image\RetourHover.png">
      <Filter>Fichiers de ressources</Filter>
    </Image>
    <Image Include="image\BGCharacterSelect.png">
      <Filter>Fichiers de ressources</Filter>
    </Image>
    <Image Include="image\BGMainMenu.png">
      <Filter>Fichiers de ressources</Filter>
    </Image>
    <Image Include="image\BGControle.png">
      <Filter>Fichiers de ressources</Filter>
    </Image>
    <Image Include="image\BGHighScore.png">
      <Filter>Fichiers de ressources</Filter>
    </Image>
    <Image Include="image\BGMap.png">
      <Filter>Fichiers de ressources</Filter>
    </Image>
    <Image Include="image\BoutonActuel.png">
      <Filter>Fichiers de ressources</Filter>
    </Image>
    <Image Include="image\BoutonActuelHover.png">
      <Filter>Fichiers de ressources</Filter>
    </Image>
    <Image Include="image\BoutonComplete.png">
      <Filter>Fichiers de ressources</Filter>
    </Image>
    <Image Include="image\BoutonComplete4.png">
      <Filter>Fichiers de ressources</Filter>
    </Image>
    <Image Include="image\BoutonNonComplete.png">
      <Filter>Fichiers de ressources</Filter>
    </Image>
    <Image Include="image\BoutonNonComplete4.png">
      <Filter>Fichiers de ressources</Filter>
    </Image>
    <Image Include="D:\TossIn-master\TossIn-master\TossIn\image\GenevieveMenu.png">
      <Filter>Fichiers de ressources</Filter>
    </Image>
    <Image Include="D:\TossIn-master\TossIn-master\TossIn\image\GenevieveTileSheet.png">
      <Filter>Fichiers de ressources</Filter>
    </Image>
    <Image Include="D:\TossIn-master\TossIn-master\TossIn\image\JosianneMenu.png">
      <Filter>Fichiers de ressources</Filter>
    </Image>
    <Image Include="D:\TossIn-master\TossIn-master\TossIn\image\JosianneTileSheet.png">
      <Filter>Fichiers de ressources</Filter>
    </Image>
  </ItemGroup>
  <ItemGroup>
    <Text Include="level1.txt">
      <Filter>Fichiers de ressources</Filter>
    </Text>
    <Text Include="level2.txt">
      <Filter>Fichiers de ressources</Filter>
    </Text>
    <Text Include="level3.txt">
      <Filter>Fichiers de ressources</Filter>
    </Text>
    <Text Include="level4.txt">
      <Filter>Fichiers de ressources</Filter>
    </Text>
    <Text Include="updateNiveau.txt">
      <Filter>Fichiers de ressources</Filter>
    </Text>
    <Text Include="level5.txt">
      <Filter>Fichiers de ressources</Filter>
    </Text>
  </ItemGroup>
  <ItemGroup>
    <Media Include="popPerso&amp;deplacement.wav">
      <Filter>Fichiers de ressources</Filter>
    </Media>
    <Media Include="placing.wav">
      <Filter>Fichiers de ressources</Filter>
    </Media>
    <Media Include="menu.wav">
      <Filter>Fichiers de ressources</Filter>
    </Media>
    <Media Include="deplacement.wav">
      <Filter>Fichiers de ressources</Filter>
    </Media>
  </ItemGroup>
</Project>